{
  "nodes": {
    "claude-code-plugins": {
      "flake": false,
      "locked": {
        "lastModified": 1774647725,
        "narHash": "sha256-wdTEAPjhFLxcM+45Z45VPIAe5X+hrg2IuEh1DealP7w=",
        "owner": "anthropics",
        "repo": "claude-code",
        "rev": "2923bc87d10da4fda57570313f2abbc5b457fed1",
        "type": "github"
      },
      "original": {
        "owner": "anthropics",
        "repo": "claude-code",
        "type": "github"
      }
    },
    "flake-parts": {
      "inputs": {
        "nixpkgs-lib": [
          "nixpkgs"
        ]
      },
      "locked": {
        "lastModified": 1772408722,
        "narHash": "sha256-rHuJtdcOjK7rAHpHphUb1iCvgkU3GpfvicLMwwnfMT0=",
        "owner": "hercules-ci",
        "repo": "flake-parts",
        "rev": "f20dc5d9b8027381c474144ecabc9034d6a839a3",
        "type": "github"
      },
      "original": {
        "owner": "hercules-ci",
        "repo": "flake-parts",
        "type": "github"
      }
    },
    "nixpkgs": {
      "locked": {
        "lastModified": 1774610258,
        "narHash": "sha256-HaThtroVD9wRdx7KQk0B75JmFcXlMUoEdDFNOMOlsOs=",
        "owner": "nixos",
        "repo": "nixpkgs",
        "rev": "832efc09b4caf6b4569fbf9dc01bec3082a00611",
        "type": "github"
      },
      "original": {
        "owner": "nixos",
        "ref": "nixpkgs-unstable",
        "repo": "nixpkgs",
        "type": "github"
      }
    },
    "root": {
      "inputs": {
        "claude-code-plugins": "claude-code-plugins",
        "flake-parts": "flake-parts",
        "nixpkgs": "nixpkgs",
        "superpowers": "superpowers",
        "wrappers": "wrappers"
      }
    },
    "superpowers": {
      "flake": false,
      "locked": {
        "lastModified": 1774462089,
        "narHash": "sha256-r/Z+UxSFQIx99HnSPoU/toWMddXDcnLsbFXpQfLfj1k=",
        "owner": "obra",
        "repo": "superpowers",
        "rev": "eafe962b18f6c5dc70fb7c8cc7e83e61f4cdde06",
        "type": "github"
      },
      "original": {
        "owner": "obra",
        "repo": "superpowers",
        "type": "github"
      }
    },
    "wrappers": {
      "inputs": {
        "nixpkgs": [
          "nixpkgs"
        ]
      },
      "locked": {
        "lastModified": 1774622331,
        "narHash": "sha256-73C9XYuBrgo8unDbmqEFq4pNwQaSGXrTnBckqkOXmBk=",
        "owner": "BirdeeHub",
        "repo": "nix-wrapper-modules",
        "rev": "364e0007179fc2c910a6588e8826fd3fd7a45c14",
        "type": "github"
      },
      "original": {
        "owner": "BirdeeHub",
        "repo": "nix-wrapper-modules",
        "type": "github"
      }
    }
  },
  "root": "root",
  "version": 7
}
